
Microsoft Visual Studio Solution File, Format Version 12.00
# Visual Studio 15
VisualStudioVersion = 15.0.26124.0
MinimumVisualStudioVersion = 15.0.26124.0
Project("{FAE04EC0-301F-11D3-BF4B-00C04F79EFBC}") = "MovieFolderFormatter", "MovieFolderFormatter\MovieFolderFormatter.csproj", "{8D8AC9BF-215F-4FD7-B18B-B28A6BF44CE2}"
EndProject
Project("{FAE04EC0-301F-11D3-BF4B-00C04F79EFBC}") = "MovieFolderFormatter.Tests", "MovieFolderFormatter.Tests\MovieFolderFormatter.Tests.csproj", "{E931A1C6-B5E1-43C7-852C-989D629D1CE9}"
EndProject
Global
	GlobalSection(SolutionConfigurationPlatforms) = preSolution
		Debug|Any CPU = Debug|Any CPU
		Debug|x64 = Debug|x64
		Debug|x86 = Debug|x86
		Release|Any CPU = Release|Any CPU
		Release|x64 = Release|x64
		Release|x86 = Release|x86
	EndGlobalSection
	GlobalSection(SolutionProperties) = preSolution
		HideSolutionNode = FALSE
	EndGlobalSection
	GlobalSection(ProjectConfigurationPlatforms) = postSolution
		{8D8AC9BF-215F-4FD7-B18B-B28A6BF44CE2}.Debug|Any CPU.ActiveCfg = Debug|Any CPU
		{8D8AC9BF-215F-4FD7-B18B-B28A6BF44CE2}.Debug|Any CPU.Build.0 = Debug|Any CPU
		{8D8AC9BF-215F-4FD7-B18B-B28A6BF44CE2}.Debug|x64.ActiveCfg = Debug|Any CPU
		{8D8AC9BF-215F-4FD7-B18B-B28A6BF44CE2}.Debug|x64.Build.0 = Debug|Any CPU
		{8D8AC9BF-215F-4FD7-B18B-B28A6BF44CE2}.Debug|x86.ActiveCfg = Debug|Any CPU
		{8D8AC9BF-215F-4FD7-B18B-B28A6BF44CE2}.Debug|x86.Build.0 = Debug|Any CPU
		{8D8AC9BF-215F-4FD7-B18B-B28A6BF44CE2}.Release|Any CPU.ActiveCfg = Release|Any CPU
		{8D8AC9BF-215F-4FD7-B18B-B28A6BF44CE2}.Release|Any CPU.Build.0 = Release|Any CPU
		{8D8AC9BF-215F-4FD7-B18B-B28A6BF44CE2}.Release|x64.ActiveCfg = Release|Any CPU
		{8D8AC9BF-215F-4FD7-B18B-B28A6BF44CE2}.Release|x64.Build.0 = Release|Any CPU
		{8D8AC9BF-215F-4FD7-B18B-B28A6BF44CE2}.Release|x86.ActiveCfg = Release|Any CPU
		{8D8AC9BF-215F-4FD7-B18B-B28A6BF44CE2}.Release|x86.Build.0 = Release|Any CPU
		{E931A1C6-B5E1-43C7-852C-989D629D1CE9}.Debug|Any CPU.ActiveCfg = Debug|Any CPU
		{E931A1C6-B5E1-43C7-852C-989D629D1CE9}.Debug|Any CPU.Build.0 = Debug|Any CPU
		{E931A1C6-B5E1-43C7-852C-989D629D1CE9}.Debug|x64.ActiveCfg = Debug|Any CPU
		{E931A1C6-B5E1-43C7-852C-989D629D1CE9}.Debug|x64.Build.0 = Debug|Any CPU
		{E931A1C6-B5E1-43C7-852C-989D629D1CE9}.Debug|x86.ActiveCfg = Debug|Any CPU
		{E931A1C6-B5E1-43C7-852C-989D629D1CE9}.Debug|x86.Build.0 = Debug|Any CPU
		{E931A1C6-B5E1-43C7-852C-989D629D1CE9}.Release|Any CPU.ActiveCfg = Release|Any CPU
		{E931A1C6-B5E1-43C7-852C-989D629D1CE9}.Release|Any CPU.Build.0 = Release|Any CPU
		{E931A1C6-B5E1-43C7-852C-989D629D1CE9}.Release|x64.ActiveCfg = Release|Any CPU
		{E931A1C6-B5E1-43C7-852C-989D629D1CE9}.Release|x64.Build.0 = Release|Any CPU
		{E931A1C6-B5E1-43C7-852C-989D629D1CE9}.Release|x86.ActiveCfg = Release|Any CPU
		{E931A1C6-B5E1-43C7-852C-989D629D1CE9}.Release|x86.Build.0 = Release|Any CPU
	EndGlobalSection
EndGlobal
