
Microsoft Visual Studio Solution File, Format Version 12.00
# Visual Studio 15
VisualStudioVersion = 15.0.27703.2000
MinimumVisualStudioVersion = 10.0.40219.1
Project("{9A19103F-16F7-4668-BE54-9A1E7A4F7556}") = "MovieFolderFormatter", "MovieFolderFormatter.csproj", "{9C2BAA5C-46EC-44CA-90D4-4C1ECA9E4F24}"
EndProject
Project("{9A19103F-16F7-4668-BE54-9A1E7A4F7556}") = "MovieFolderFormatter.Tests", "..\MovieFolderFormatter.Tests\MovieFolderFormatter.Tests.csproj", "{2F33309C-BAD9-47C4-8FA0-B91C6DF63AFD}"
EndProject
Global
	GlobalSection(SolutionConfigurationPlatforms) = preSolution
		Debug|Any CPU = Debug|Any CPU
		Release|Any CPU = Release|Any CPU
	EndGlobalSection
	GlobalSection(ProjectConfigurationPlatforms) = postSolution
		{9C2BAA5C-46EC-44CA-90D4-4C1ECA9E4F24}.Debug|Any CPU.ActiveCfg = Debug|Any CPU
		{9C2BAA5C-46EC-44CA-90D4-4C1ECA9E4F24}.Debug|Any CPU.Build.0 = Debug|Any CPU
		{9C2BAA5C-46EC-44CA-90D4-4C1ECA9E4F24}.Release|Any CPU.ActiveCfg = Release|Any CPU
		{9C2BAA5C-46EC-44CA-90D4-4C1ECA9E4F24}.Release|Any CPU.Build.0 = Release|Any CPU
		{2F33309C-BAD9-47C4-8FA0-B91C6DF63AFD}.Debug|Any CPU.ActiveCfg = Debug|Any CPU
		{2F33309C-BAD9-47C4-8FA0-B91C6DF63AFD}.Debug|Any CPU.Build.0 = Debug|Any CPU
		{2F33309C-BAD9-47C4-8FA0-B91C6DF63AFD}.Release|Any CPU.ActiveCfg = Release|Any CPU
		{2F33309C-BAD9-47C4-8FA0-B91C6DF63AFD}.Release|Any CPU.Build.0 = Release|Any CPU
	EndGlobalSection
	GlobalSection(SolutionProperties) = preSolution
		HideSolutionNode = FALSE
	EndGlobalSection
	GlobalSection(ExtensibilityGlobals) = postSolution
		SolutionGuid = {88F6977E-A6E9-4579-97FA-AE8A22C6F9A5}
	EndGlobalSection
EndGlobal
